
Microsoft Visual Studio Solution File, Format Version 12.00
# Visual Studio Version 17
VisualStudioVersion = 17.0.31912.275
MinimumVisualStudioVersion = 15.0.26124.0
Project("{2150E333-8FDC-42A3-9474-1A3956D46DE8}") = "libraries", "libraries", "{93B28882-B0D9-4415-9ED1-DAA3E04054D2}"
EndProject
Project("{9A19103F-16F7-4668-BE54-9A1E7A4F7556}") = "Shibusa.Calendar", "libraries\Shibusa.Calendar\Shibusa.Calendar.csproj", "{A7046261-9603-47EB-8CB8-8F9FAE774EB5}"
EndProject
Project("{9A19103F-16F7-4668-BE54-9A1E7A4F7556}") = "Shibusa.Data", "libraries\Shibusa.Data\Shibusa.Data.csproj", "{B920FBAE-BF7D-4088-8201-D6F32481D9E0}"
EndProject
Project("{9A19103F-16F7-4668-BE54-9A1E7A4F7556}") = "Shibusa.Maths", "libraries\Shibusa.Maths\Shibusa.Maths.csproj", "{CFC3ABE7-2A64-430F-9D7D-4C4294C929CC}"
EndProject
Project("{9A19103F-16F7-4668-BE54-9A1E7A4F7556}") = "Shibusa.PersonBuilder", "libraries\Shibusa.PersonBuilder\Shibusa.PersonBuilder.csproj", "{C2E393AB-2CB5-4AF7-BEE6-3FF9610F507D}"
EndProject
Project("{9A19103F-16F7-4668-BE54-9A1E7A4F7556}") = "Shibusa.Reports", "libraries\Shibusa.Reports\Shibusa.Reports.csproj", "{9FB9FB37-981F-486B-B3FE-DAE6AE5DDF43}"
EndProject
Project("{9A19103F-16F7-4668-BE54-9A1E7A4F7556}") = "Shibusa.Transformations", "libraries\Shibusa.Transformations\Shibusa.Transformations.csproj", "{E0C8E345-B24A-48D4-84FD-FF6FAD3B1A90}"
EndProject
Project("{9A19103F-16F7-4668-BE54-9A1E7A4F7556}") = "Shibusa.Validators", "libraries\Shibusa.Validators\Shibusa.Validators.csproj", "{2CA1B75E-4E94-4A1A-9ADB-B3491CC4C884}"
EndProject
Project("{2150E333-8FDC-42A3-9474-1A3956D46DE8}") = "tests", "tests", "{6268BB9C-160E-40FA-9883-02E4F2F343F5}"
EndProject
Project("{9A19103F-16F7-4668-BE54-9A1E7A4F7556}") = "Shibusa.Calendar.UnitTests", "tests\Shibusa.Calendar.UnitTests\Shibusa.Calendar.UnitTests.csproj", "{3BA58C3C-A9AB-4D97-9B5E-9EBAB0C3B2E5}"
EndProject
Project("{9A19103F-16F7-4668-BE54-9A1E7A4F7556}") = "Shibusa.Data.UnitTests", "tests\Shibusa.Data.UnitTests\Shibusa.Data.UnitTests.csproj", "{EDFFCB23-38C3-4011-A9C0-19E3A77B4C9F}"
EndProject
Project("{9A19103F-16F7-4668-BE54-9A1E7A4F7556}") = "Shibusa.Maths.UnitTests", "tests\Shibusa.Maths.UnitTests\Shibusa.Maths.UnitTests.csproj", "{6148615F-B7E1-4B30-927F-38113A613774}"
EndProject
Project("{9A19103F-16F7-4668-BE54-9A1E7A4F7556}") = "Shibusa.PersonBuilder.UnitTests", "tests\Shibusa.PersonBuilder.UnitTests\Shibusa.PersonBuilder.UnitTests.csproj", "{64507EE1-256F-4D52-B1A0-DE2D3C2C0214}"
EndProject
Project("{9A19103F-16F7-4668-BE54-9A1E7A4F7556}") = "Shibusa.Reports.UnitTests", "tests\Shibusa.Reports.UnitTests\Shibusa.Reports.UnitTests.csproj", "{9BEA52D8-475C-4BB5-9D52-E96444A2A64A}"
EndProject
Project("{9A19103F-16F7-4668-BE54-9A1E7A4F7556}") = "Shibusa.Transformations.UnitTests", "tests\Shibusa.Transformations.UnitTests\Shibusa.Transformations.UnitTests.csproj", "{5A3FA24D-7478-47C2-8E25-68B8B6D94865}"
EndProject
Project("{9A19103F-16F7-4668-BE54-9A1E7A4F7556}") = "Shibusa.Validators.UnitTests", "tests\Shibusa.Validators.UnitTests\Shibusa.Validators.UnitTests.csproj", "{4B6D5DCF-C218-4728-B1A0-C54C1744454B}"
EndProject
Project("{FAE04EC0-301F-11D3-BF4B-00C04F79EFBC}") = "Shibusa.Extensions", "libraries\Shibusa.Extensions\Shibusa.Extensions.csproj", "{C2429AF8-E393-49E3-8DC6-053C6FBA19D1}"
EndProject
Project("{FAE04EC0-301F-11D3-BF4B-00C04F79EFBC}") = "Shibusa.Extensions.UnitTests", "tests\Shibusa.Extensions.UnitTests\Shibusa.Extensions.UnitTests.csproj", "{FA939DA2-93B1-4236-B188-8D2A093A3B77}"
EndProject
Global
	GlobalSection(SolutionConfigurationPlatforms) = preSolution
		Debug|Any CPU = Debug|Any CPU
		Debug|x64 = Debug|x64
		Debug|x86 = Debug|x86
		Release|Any CPU = Release|Any CPU
		Release|x64 = Release|x64
		Release|x86 = Release|x86
	EndGlobalSection
	GlobalSection(ProjectConfigurationPlatforms) = postSolution
		{A7046261-9603-47EB-8CB8-8F9FAE774EB5}.Debug|Any CPU.ActiveCfg = Debug|Any CPU
		{A7046261-9603-47EB-8CB8-8F9FAE774EB5}.Debug|Any CPU.Build.0 = Debug|Any CPU
		{A7046261-9603-47EB-8CB8-8F9FAE774EB5}.Debug|x64.ActiveCfg = Debug|Any CPU
		{A7046261-9603-47EB-8CB8-8F9FAE774EB5}.Debug|x64.Build.0 = Debug|Any CPU
		{A7046261-9603-47EB-8CB8-8F9FAE774EB5}.Debug|x86.ActiveCfg = Debug|Any CPU
		{A7046261-9603-47EB-8CB8-8F9FAE774EB5}.Debug|x86.Build.0 = Debug|Any CPU
		{A7046261-9603-47EB-8CB8-8F9FAE774EB5}.Release|Any CPU.ActiveCfg = Release|Any CPU
		{A7046261-9603-47EB-8CB8-8F9FAE774EB5}.Release|Any CPU.Build.0 = Release|Any CPU
		{A7046261-9603-47EB-8CB8-8F9FAE774EB5}.Release|x64.ActiveCfg = Release|Any CPU
		{A7046261-9603-47EB-8CB8-8F9FAE774EB5}.Release|x64.Build.0 = Release|Any CPU
		{A7046261-9603-47EB-8CB8-8F9FAE774EB5}.Release|x86.ActiveCfg = Release|Any CPU
		{A7046261-9603-47EB-8CB8-8F9FAE774EB5}.Release|x86.Build.0 = Release|Any CPU
		{B920FBAE-BF7D-4088-8201-D6F32481D9E0}.Debug|Any CPU.ActiveCfg = Debug|Any CPU
		{B920FBAE-BF7D-4088-8201-D6F32481D9E0}.Debug|Any CPU.Build.0 = Debug|Any CPU
		{B920FBAE-BF7D-4088-8201-D6F32481D9E0}.Debug|x64.ActiveCfg = Debug|Any CPU
		{B920FBAE-BF7D-4088-8201-D6F32481D9E0}.Debug|x64.Build.0 = Debug|Any CPU
		{B920FBAE-BF7D-4088-8201-D6F32481D9E0}.Debug|x86.ActiveCfg = Debug|Any CPU
		{B920FBAE-BF7D-4088-8201-D6F32481D9E0}.Debug|x86.Build.0 = Debug|Any CPU
		{B920FBAE-BF7D-4088-8201-D6F32481D9E0}.Release|Any CPU.ActiveCfg = Release|Any CPU
		{B920FBAE-BF7D-4088-8201-D6F32481D9E0}.Release|Any CPU.Build.0 = Release|Any CPU
		{B920FBAE-BF7D-4088-8201-D6F32481D9E0}.Release|x64.ActiveCfg = Release|Any CPU
		{B920FBAE-BF7D-4088-8201-D6F32481D9E0}.Release|x64.Build.0 = Release|Any CPU
		{B920FBAE-BF7D-4088-8201-D6F32481D9E0}.Release|x86.ActiveCfg = Release|Any CPU
		{B920FBAE-BF7D-4088-8201-D6F32481D9E0}.Release|x86.Build.0 = Release|Any CPU
		{CFC3ABE7-2A64-430F-9D7D-4C4294C929CC}.Debug|Any CPU.ActiveCfg = Debug|Any CPU
		{CFC3ABE7-2A64-430F-9D7D-4C4294C929CC}.Debug|Any CPU.Build.0 = Debug|Any CPU
		{CFC3ABE7-2A64-430F-9D7D-4C4294C929CC}.Debug|x64.ActiveCfg = Debug|Any CPU
		{CFC3ABE7-2A64-430F-9D7D-4C4294C929CC}.Debug|x64.Build.0 = Debug|Any CPU
		{CFC3ABE7-2A64-430F-9D7D-4C4294C929CC}.Debug|x86.ActiveCfg = Debug|Any CPU
		{CFC3ABE7-2A64-430F-9D7D-4C4294C929CC}.Debug|x86.Build.0 = Debug|Any CPU
		{CFC3ABE7-2A64-430F-9D7D-4C4294C929CC}.Release|Any CPU.ActiveCfg = Release|Any CPU
		{CFC3ABE7-2A64-430F-9D7D-4C4294C929CC}.Release|Any CPU.Build.0 = Release|Any CPU
		{CFC3ABE7-2A64-430F-9D7D-4C4294C929CC}.Release|x64.ActiveCfg = Release|Any CPU
		{CFC3ABE7-2A64-430F-9D7D-4C4294C929CC}.Release|x64.Build.0 = Release|Any CPU
		{CFC3ABE7-2A64-430F-9D7D-4C4294C929CC}.Release|x86.ActiveCfg = Release|Any CPU
		{CFC3ABE7-2A64-430F-9D7D-4C4294C929CC}.Release|x86.Build.0 = Release|Any CPU
		{C2E393AB-2CB5-4AF7-BEE6-3FF9610F507D}.Debug|Any CPU.ActiveCfg = Debug|Any CPU
		{C2E393AB-2CB5-4AF7-BEE6-3FF9610F507D}.Debug|Any CPU.Build.0 = Debug|Any CPU
		{C2E393AB-2CB5-4AF7-BEE6-3FF9610F507D}.Debug|x64.ActiveCfg = Debug|Any CPU
		{C2E393AB-2CB5-4AF7-BEE6-3FF9610F507D}.Debug|x64.Build.0 = Debug|Any CPU
		{C2E393AB-2CB5-4AF7-BEE6-3FF9610F507D}.Debug|x86.ActiveCfg = Debug|Any CPU
		{C2E393AB-2CB5-4AF7-BEE6-3FF9610F507D}.Debug|x86.Build.0 = Debug|Any CPU
		{C2E393AB-2CB5-4AF7-BEE6-3FF9610F507D}.Release|Any CPU.ActiveCfg = Release|Any CPU
		{C2E393AB-2CB5-4AF7-BEE6-3FF9610F507D}.Release|Any CPU.Build.0 = Release|Any CPU
		{C2E393AB-2CB5-4AF7-BEE6-3FF9610F507D}.Release|x64.ActiveCfg = Release|Any CPU
		{C2E393AB-2CB5-4AF7-BEE6-3FF9610F507D}.Release|x64.Build.0 = Release|Any CPU
		{C2E393AB-2CB5-4AF7-BEE6-3FF9610F507D}.Release|x86.ActiveCfg = Release|Any CPU
		{C2E393AB-2CB5-4AF7-BEE6-3FF9610F507D}.Release|x86.Build.0 = Release|Any CPU
		{9FB9FB37-981F-486B-B3FE-DAE6AE5DDF43}.Debug|Any CPU.ActiveCfg = Debug|Any CPU
		{9FB9FB37-981F-486B-B3FE-DAE6AE5DDF43}.Debug|Any CPU.Build.0 = Debug|Any CPU
		{9FB9FB37-981F-486B-B3FE-DAE6AE5DDF43}.Debug|x64.ActiveCfg = Debug|Any CPU
		{9FB9FB37-981F-486B-B3FE-DAE6AE5DDF43}.Debug|x64.Build.0 = Debug|Any CPU
		{9FB9FB37-981F-486B-B3FE-DAE6AE5DDF43}.Debug|x86.ActiveCfg = Debug|Any CPU
		{9FB9FB37-981F-486B-B3FE-DAE6AE5DDF43}.Debug|x86.Build.0 = Debug|Any CPU
		{9FB9FB37-981F-486B-B3FE-DAE6AE5DDF43}.Release|Any CPU.ActiveCfg = Release|Any CPU
		{9FB9FB37-981F-486B-B3FE-DAE6AE5DDF43}.Release|Any CPU.Build.0 = Release|Any CPU
		{9FB9FB37-981F-486B-B3FE-DAE6AE5DDF43}.Release|x64.ActiveCfg = Release|Any CPU
		{9FB9FB37-981F-486B-B3FE-DAE6AE5DDF43}.Release|x64.Build.0 = Release|Any CPU
		{9FB9FB37-981F-486B-B3FE-DAE6AE5DDF43}.Release|x86.ActiveCfg = Release|Any CPU
		{9FB9FB37-981F-486B-B3FE-DAE6AE5DDF43}.Release|x86.Build.0 = Release|Any CPU
		{E0C8E345-B24A-48D4-84FD-FF6FAD3B1A90}.Debug|Any CPU.ActiveCfg = Debug|Any CPU
		{E0C8E345-B24A-48D4-84FD-FF6FAD3B1A90}.Debug|Any CPU.Build.0 = Debug|Any CPU
		{E0C8E345-B24A-48D4-84FD-FF6FAD3B1A90}.Debug|x64.ActiveCfg = Debug|Any CPU
		{E0C8E345-B24A-48D4-84FD-FF6FAD3B1A90}.Debug|x64.Build.0 = Debug|Any CPU
		{E0C8E345-B24A-48D4-84FD-FF6FAD3B1A90}.Debug|x86.ActiveCfg = Debug|Any CPU
		{E0C8E345-B24A-48D4-84FD-FF6FAD3B1A90}.Debug|x86.Build.0 = Debug|Any CPU
		{E0C8E345-B24A-48D4-84FD-FF6FAD3B1A90}.Release|Any CPU.ActiveCfg = Release|Any CPU
		{E0C8E345-B24A-48D4-84FD-FF6FAD3B1A90}.Release|Any CPU.Build.0 = Release|Any CPU
		{E0C8E345-B24A-48D4-84FD-FF6FAD3B1A90}.Release|x64.ActiveCfg = Release|Any CPU
		{E0C8E345-B24A-48D4-84FD-FF6FAD3B1A90}.Release|x64.Build.0 = Release|Any CPU
		{E0C8E345-B24A-48D4-84FD-FF6FAD3B1A90}.Release|x86.ActiveCfg = Release|Any CPU
		{E0C8E345-B24A-48D4-84FD-FF6FAD3B1A90}.Release|x86.Build.0 = Release|Any CPU
		{2CA1B75E-4E94-4A1A-9ADB-B3491CC4C884}.Debug|Any CPU.ActiveCfg = Debug|Any CPU
		{2CA1B75E-4E94-4A1A-9ADB-B3491CC4C884}.Debug|Any CPU.Build.0 = Debug|Any CPU
		{2CA1B75E-4E94-4A1A-9ADB-B3491CC4C884}.Debug|x64.ActiveCfg = Debug|Any CPU
		{2CA1B75E-4E94-4A1A-9ADB-B3491CC4C884}.Debug|x64.Build.0 = Debug|Any CPU
		{2CA1B75E-4E94-4A1A-9ADB-B3491CC4C884}.Debug|x86.ActiveCfg = Debug|Any CPU
		{2CA1B75E-4E94-4A1A-9ADB-B3491CC4C884}.Debug|x86.Build.0 = Debug|Any CPU
		{2CA1B75E-4E94-4A1A-9ADB-B3491CC4C884}.Release|Any CPU.ActiveCfg = Release|Any CPU
		{2CA1B75E-4E94-4A1A-9ADB-B3491CC4C884}.Release|Any CPU.Build.0 = Release|Any CPU
		{2CA1B75E-4E94-4A1A-9ADB-B3491CC4C884}.Release|x64.ActiveCfg = Release|Any CPU
		{2CA1B75E-4E94-4A1A-9ADB-B3491CC4C884}.Release|x64.Build.0 = Release|Any CPU
		{2CA1B75E-4E94-4A1A-9ADB-B3491CC4C884}.Release|x86.ActiveCfg = Release|Any CPU
		{2CA1B75E-4E94-4A1A-9ADB-B3491CC4C884}.Release|x86.Build.0 = Release|Any CPU
		{3BA58C3C-A9AB-4D97-9B5E-9EBAB0C3B2E5}.Debug|Any CPU.ActiveCfg = Debug|Any CPU
		{3BA58C3C-A9AB-4D97-9B5E-9EBAB0C3B2E5}.Debug|Any CPU.Build.0 = Debug|Any CPU
		{3BA58C3C-A9AB-4D97-9B5E-9EBAB0C3B2E5}.Debug|x64.ActiveCfg = Debug|Any CPU
		{3BA58C3C-A9AB-4D97-9B5E-9EBAB0C3B2E5}.Debug|x64.Build.0 = Debug|Any CPU
		{3BA58C3C-A9AB-4D97-9B5E-9EBAB0C3B2E5}.Debug|x86.ActiveCfg = Debug|Any CPU
		{3BA58C3C-A9AB-4D97-9B5E-9EBAB0C3B2E5}.Debug|x86.Build.0 = Debug|Any CPU
		{3BA58C3C-A9AB-4D97-9B5E-9EBAB0C3B2E5}.Release|Any CPU.ActiveCfg = Release|Any CPU
		{3BA58C3C-A9AB-4D97-9B5E-9EBAB0C3B2E5}.Release|Any CPU.Build.0 = Release|Any CPU
		{3BA58C3C-A9AB-4D97-9B5E-9EBAB0C3B2E5}.Release|x64.ActiveCfg = Release|Any CPU
		{3BA58C3C-A9AB-4D97-9B5E-9EBAB0C3B2E5}.Release|x64.Build.0 = Release|Any CPU
		{3BA58C3C-A9AB-4D97-9B5E-9EBAB0C3B2E5}.Release|x86.ActiveCfg = Release|Any CPU
		{3BA58C3C-A9AB-4D97-9B5E-9EBAB0C3B2E5}.Release|x86.Build.0 = Release|Any CPU
		{EDFFCB23-38C3-4011-A9C0-19E3A77B4C9F}.Debug|Any CPU.ActiveCfg = Debug|Any CPU
		{EDFFCB23-38C3-4011-A9C0-19E3A77B4C9F}.Debug|Any CPU.Build.0 = Debug|Any CPU
		{EDFFCB23-38C3-4011-A9C0-19E3A77B4C9F}.Debug|x64.ActiveCfg = Debug|Any CPU
		{EDFFCB23-38C3-4011-A9C0-19E3A77B4C9F}.Debug|x64.Build.0 = Debug|Any CPU
		{EDFFCB23-38C3-4011-A9C0-19E3A77B4C9F}.Debug|x86.ActiveCfg = Debug|Any CPU
		{EDFFCB23-38C3-4011-A9C0-19E3A77B4C9F}.Debug|x86.Build.0 = Debug|Any CPU
		{EDFFCB23-38C3-4011-A9C0-19E3A77B4C9F}.Release|Any CPU.ActiveCfg = Release|Any CPU
		{EDFFCB23-38C3-4011-A9C0-19E3A77B4C9F}.Release|Any CPU.Build.0 = Release|Any CPU
		{EDFFCB23-38C3-4011-A9C0-19E3A77B4C9F}.Release|x64.ActiveCfg = Release|Any CPU
		{EDFFCB23-38C3-4011-A9C0-19E3A77B4C9F}.Release|x64.Build.0 = Release|Any CPU
		{EDFFCB23-38C3-4011-A9C0-19E3A77B4C9F}.Release|x86.ActiveCfg = Release|Any CPU
		{EDFFCB23-38C3-4011-A9C0-19E3A77B4C9F}.Release|x86.Build.0 = Release|Any CPU
		{6148615F-B7E1-4B30-927F-38113A613774}.Debug|Any CPU.ActiveCfg = Debug|Any CPU
		{6148615F-B7E1-4B30-927F-38113A613774}.Debug|Any CPU.Build.0 = Debug|Any CPU
		{6148615F-B7E1-4B30-927F-38113A613774}.Debug|x64.ActiveCfg = Debug|Any CPU
		{6148615F-B7E1-4B30-927F-38113A613774}.Debug|x64.Build.0 = Debug|Any CPU
		{6148615F-B7E1-4B30-927F-38113A613774}.Debug|x86.ActiveCfg = Debug|Any CPU
		{6148615F-B7E1-4B30-927F-38113A613774}.Debug|x86.Build.0 = Debug|Any CPU
		{6148615F-B7E1-4B30-927F-38113A613774}.Release|Any CPU.ActiveCfg = Release|Any CPU
		{6148615F-B7E1-4B30-927F-38113A613774}.Release|Any CPU.Build.0 = Release|Any CPU
		{6148615F-B7E1-4B30-927F-38113A613774}.Release|x64.ActiveCfg = Release|Any CPU
		{6148615F-B7E1-4B30-927F-38113A613774}.Release|x64.Build.0 = Release|Any CPU
		{6148615F-B7E1-4B30-927F-38113A613774}.Release|x86.ActiveCfg = Release|Any CPU
		{6148615F-B7E1-4B30-927F-38113A613774}.Release|x86.Build.0 = Release|Any CPU
		{64507EE1-256F-4D52-B1A0-DE2D3C2C0214}.Debug|Any CPU.ActiveCfg = Debug|Any CPU
		{64507EE1-256F-4D52-B1A0-DE2D3C2C0214}.Debug|Any CPU.Build.0 = Debug|Any CPU
		{64507EE1-256F-4D52-B1A0-DE2D3C2C0214}.Debug|x64.ActiveCfg = Debug|Any CPU
		{64507EE1-256F-4D52-B1A0-DE2D3C2C0214}.Debug|x64.Build.0 = Debug|Any CPU
		{64507EE1-256F-4D52-B1A0-DE2D3C2C0214}.Debug|x86.ActiveCfg = Debug|Any CPU
		{64507EE1-256F-4D52-B1A0-DE2D3C2C0214}.Debug|x86.Build.0 = Debug|Any CPU
		{64507EE1-256F-4D52-B1A0-DE2D3C2C0214}.Release|Any CPU.ActiveCfg = Release|Any CPU
		{64507EE1-256F-4D52-B1A0-DE2D3C2C0214}.Release|Any CPU.Build.0 = Release|Any CPU
		{64507EE1-256F-4D52-B1A0-DE2D3C2C0214}.Release|x64.ActiveCfg = Release|Any CPU
		{64507EE1-256F-4D52-B1A0-DE2D3C2C0214}.Release|x64.Build.0 = Release|Any CPU
		{64507EE1-256F-4D52-B1A0-DE2D3C2C0214}.Release|x86.ActiveCfg = Release|Any CPU
		{64507EE1-256F-4D52-B1A0-DE2D3C2C0214}.Release|x86.Build.0 = Release|Any CPU
		{9BEA52D8-475C-4BB5-9D52-E96444A2A64A}.Debug|Any CPU.ActiveCfg = Debug|Any CPU
		{9BEA52D8-475C-4BB5-9D52-E96444A2A64A}.Debug|Any CPU.Build.0 = Debug|Any CPU
		{9BEA52D8-475C-4BB5-9D52-E96444A2A64A}.Debug|x64.ActiveCfg = Debug|Any CPU
		{9BEA52D8-475C-4BB5-9D52-E96444A2A64A}.Debug|x64.Build.0 = Debug|Any CPU
		{9BEA52D8-475C-4BB5-9D52-E96444A2A64A}.Debug|x86.ActiveCfg = Debug|Any CPU
		{9BEA52D8-475C-4BB5-9D52-E96444A2A64A}.Debug|x86.Build.0 = Debug|Any CPU
		{9BEA52D8-475C-4BB5-9D52-E96444A2A64A}.Release|Any CPU.ActiveCfg = Release|Any CPU
		{9BEA52D8-475C-4BB5-9D52-E96444A2A64A}.Release|Any CPU.Build.0 = Release|Any CPU
		{9BEA52D8-475C-4BB5-9D52-E96444A2A64A}.Release|x64.ActiveCfg = Release|Any CPU
		{9BEA52D8-475C-4BB5-9D52-E96444A2A64A}.Release|x64.Build.0 = Release|Any CPU
		{9BEA52D8-475C-4BB5-9D52-E96444A2A64A}.Release|x86.ActiveCfg = Release|Any CPU
		{9BEA52D8-475C-4BB5-9D52-E96444A2A64A}.Release|x86.Build.0 = Release|Any CPU
		{5A3FA24D-7478-47C2-8E25-68B8B6D94865}.Debug|Any CPU.ActiveCfg = Debug|Any CPU
		{5A3FA24D-7478-47C2-8E25-68B8B6D94865}.Debug|Any CPU.Build.0 = Debug|Any CPU
		{5A3FA24D-7478-47C2-8E25-68B8B6D94865}.Debug|x64.ActiveCfg = Debug|Any CPU
		{5A3FA24D-7478-47C2-8E25-68B8B6D94865}.Debug|x64.Build.0 = Debug|Any CPU
		{5A3FA24D-7478-47C2-8E25-68B8B6D94865}.Debug|x86.ActiveCfg = Debug|Any CPU
		{5A3FA24D-7478-47C2-8E25-68B8B6D94865}.Debug|x86.Build.0 = Debug|Any CPU
		{5A3FA24D-7478-47C2-8E25-68B8B6D94865}.Release|Any CPU.ActiveCfg = Release|Any CPU
		{5A3FA24D-7478-47C2-8E25-68B8B6D94865}.Release|Any CPU.Build.0 = Release|Any CPU
		{5A3FA24D-7478-47C2-8E25-68B8B6D94865}.Release|x64.ActiveCfg = Release|Any CPU
		{5A3FA24D-7478-47C2-8E25-68B8B6D94865}.Release|x64.Build.0 = Release|Any CPU
		{5A3FA24D-7478-47C2-8E25-68B8B6D94865}.Release|x86.ActiveCfg = Release|Any CPU
		{5A3FA24D-7478-47C2-8E25-68B8B6D94865}.Release|x86.Build.0 = Release|Any CPU
		{4B6D5DCF-C218-4728-B1A0-C54C1744454B}.Debug|Any CPU.ActiveCfg = Debug|Any CPU
		{4B6D5DCF-C218-4728-B1A0-C54C1744454B}.Debug|Any CPU.Build.0 = Debug|Any CPU
		{4B6D5DCF-C218-4728-B1A0-C54C1744454B}.Debug|x64.ActiveCfg = Debug|Any CPU
		{4B6D5DCF-C218-4728-B1A0-C54C1744454B}.Debug|x64.Build.0 = Debug|Any CPU
		{4B6D5DCF-C218-4728-B1A0-C54C1744454B}.Debug|x86.ActiveCfg = Debug|Any CPU
		{4B6D5DCF-C218-4728-B1A0-C54C1744454B}.Debug|x86.Build.0 = Debug|Any CPU
		{4B6D5DCF-C218-4728-B1A0-C54C1744454B}.Release|Any CPU.ActiveCfg = Release|Any CPU
		{4B6D5DCF-C218-4728-B1A0-C54C1744454B}.Release|Any CPU.Build.0 = Release|Any CPU
		{4B6D5DCF-C218-4728-B1A0-C54C1744454B}.Release|x64.ActiveCfg = Release|Any CPU
		{4B6D5DCF-C218-4728-B1A0-C54C1744454B}.Release|x64.Build.0 = Release|Any CPU
		{4B6D5DCF-C218-4728-B1A0-C54C1744454B}.Release|x86.ActiveCfg = Release|Any CPU
		{4B6D5DCF-C218-4728-B1A0-C54C1744454B}.Release|x86.Build.0 = Release|Any CPU
		{C2429AF8-E393-49E3-8DC6-053C6FBA19D1}.Debug|Any CPU.ActiveCfg = Debug|Any CPU
		{C2429AF8-E393-49E3-8DC6-053C6FBA19D1}.Debug|Any CPU.Build.0 = Debug|Any CPU
		{C2429AF8-E393-49E3-8DC6-053C6FBA19D1}.Debug|x64.ActiveCfg = Debug|Any CPU
		{C2429AF8-E393-49E3-8DC6-053C6FBA19D1}.Debug|x64.Build.0 = Debug|Any CPU
		{C2429AF8-E393-49E3-8DC6-053C6FBA19D1}.Debug|x86.ActiveCfg = Debug|Any CPU
		{C2429AF8-E393-49E3-8DC6-053C6FBA19D1}.Debug|x86.Build.0 = Debug|Any CPU
		{C2429AF8-E393-49E3-8DC6-053C6FBA19D1}.Release|Any CPU.ActiveCfg = Release|Any CPU
		{C2429AF8-E393-49E3-8DC6-053C6FBA19D1}.Release|Any CPU.Build.0 = Release|Any CPU
		{C2429AF8-E393-49E3-8DC6-053C6FBA19D1}.Release|x64.ActiveCfg = Release|Any CPU
		{C2429AF8-E393-49E3-8DC6-053C6FBA19D1}.Release|x64.Build.0 = Release|Any CPU
		{C2429AF8-E393-49E3-8DC6-053C6FBA19D1}.Release|x86.ActiveCfg = Release|Any CPU
		{C2429AF8-E393-49E3-8DC6-053C6FBA19D1}.Release|x86.Build.0 = Release|Any CPU
		{FA939DA2-93B1-4236-B188-8D2A093A3B77}.Debug|Any CPU.ActiveCfg = Debug|Any CPU
		{FA939DA2-93B1-4236-B188-8D2A093A3B77}.Debug|Any CPU.Build.0 = Debug|Any CPU
		{FA939DA2-93B1-4236-B188-8D2A093A3B77}.Debug|x64.ActiveCfg = Debug|Any CPU
		{FA939DA2-93B1-4236-B188-8D2A093A3B77}.Debug|x64.Build.0 = Debug|Any CPU
		{FA939DA2-93B1-4236-B188-8D2A093A3B77}.Debug|x86.ActiveCfg = Debug|Any CPU
		{FA939DA2-93B1-4236-B188-8D2A093A3B77}.Debug|x86.Build.0 = Debug|Any CPU
		{FA939DA2-93B1-4236-B188-8D2A093A3B77}.Release|Any CPU.ActiveCfg = Release|Any CPU
		{FA939DA2-93B1-4236-B188-8D2A093A3B77}.Release|Any CPU.Build.0 = Release|Any CPU
		{FA939DA2-93B1-4236-B188-8D2A093A3B77}.Release|x64.ActiveCfg = Release|Any CPU
		{FA939DA2-93B1-4236-B188-8D2A093A3B77}.Release|x64.Build.0 = Release|Any CPU
		{FA939DA2-93B1-4236-B188-8D2A093A3B77}.Release|x86.ActiveCfg = Release|Any CPU
		{FA939DA2-93B1-4236-B188-8D2A093A3B77}.Release|x86.Build.0 = Release|Any CPU
	EndGlobalSection
	GlobalSection(SolutionProperties) = preSolution
		HideSolutionNode = FALSE
	EndGlobalSection
	GlobalSection(NestedProjects) = preSolution
		{A7046261-9603-47EB-8CB8-8F9FAE774EB5} = {93B28882-B0D9-4415-9ED1-DAA3E04054D2}
		{B920FBAE-BF7D-4088-8201-D6F32481D9E0} = {93B28882-B0D9-4415-9ED1-DAA3E04054D2}
		{CFC3ABE7-2A64-430F-9D7D-4C4294C929CC} = {93B28882-B0D9-4415-9ED1-DAA3E04054D2}
		{C2E393AB-2CB5-4AF7-BEE6-3FF9610F507D} = {93B28882-B0D9-4415-9ED1-DAA3E04054D2}
		{9FB9FB37-981F-486B-B3FE-DAE6AE5DDF43} = {93B28882-B0D9-4415-9ED1-DAA3E04054D2}
		{E0C8E345-B24A-48D4-84FD-FF6FAD3B1A90} = {93B28882-B0D9-4415-9ED1-DAA3E04054D2}
		{2CA1B75E-4E94-4A1A-9ADB-B3491CC4C884} = {93B28882-B0D9-4415-9ED1-DAA3E04054D2}
		{3BA58C3C-A9AB-4D97-9B5E-9EBAB0C3B2E5} = {6268BB9C-160E-40FA-9883-02E4F2F343F5}
		{EDFFCB23-38C3-4011-A9C0-19E3A77B4C9F} = {6268BB9C-160E-40FA-9883-02E4F2F343F5}
		{6148615F-B7E1-4B30-927F-38113A613774} = {6268BB9C-160E-40FA-9883-02E4F2F343F5}
		{64507EE1-256F-4D52-B1A0-DE2D3C2C0214} = {6268BB9C-160E-40FA-9883-02E4F2F343F5}
		{9BEA52D8-475C-4BB5-9D52-E96444A2A64A} = {6268BB9C-160E-40FA-9883-02E4F2F343F5}
		{5A3FA24D-7478-47C2-8E25-68B8B6D94865} = {6268BB9C-160E-40FA-9883-02E4F2F343F5}
		{4B6D5DCF-C218-4728-B1A0-C54C1744454B} = {6268BB9C-160E-40FA-9883-02E4F2F343F5}
		{C2429AF8-E393-49E3-8DC6-053C6FBA19D1} = {93B28882-B0D9-4415-9ED1-DAA3E04054D2}
		{FA939DA2-93B1-4236-B188-8D2A093A3B77} = {6268BB9C-160E-40FA-9883-02E4F2F343F5}
	EndGlobalSection
	GlobalSection(ExtensibilityGlobals) = postSolution
		SolutionGuid = {025D0B74-936A-47E0-B10F-636FD9BAC3A1}
	EndGlobalSection
EndGlobal
