
Microsoft Visual Studio Solution File, Format Version 12.00
# Visual Studio Version 16
VisualStudioVersion = 16.0.30406.217
MinimumVisualStudioVersion = 15.0.26124.0
Project("{9A19103F-16F7-4668-BE54-9A1E7A4F7556}") = "Shibusa.Calendar", "Shibusa.Calendar\Shibusa.Calendar.csproj", "{296F20C7-E408-4E69-8ECA-42F27DB52004}"
EndProject
Project("{9A19103F-16F7-4668-BE54-9A1E7A4F7556}") = "Shibusa.Data", "Shibusa.Data\Shibusa.Data.csproj", "{46801386-5369-4ED7-9486-DF3B75774B7F}"
EndProject
Project("{9A19103F-16F7-4668-BE54-9A1E7A4F7556}") = "Shibusa.Maths", "Shibusa.Maths\Shibusa.Maths.csproj", "{E6D2A96B-C860-4706-952B-D5DD8616BC80}"
EndProject
Project("{9A19103F-16F7-4668-BE54-9A1E7A4F7556}") = "Shibusa.NameExtractor", "Shibusa.NameExtractor\Shibusa.NameExtractor.csproj", "{504D821C-6999-4C7A-A807-D54601AEF1FB}"
EndProject
Project("{9A19103F-16F7-4668-BE54-9A1E7A4F7556}") = "Shibusa.PersonBuilder", "Shibusa.PersonBuilder\Shibusa.PersonBuilder.csproj", "{9800BD6A-DA6B-4B50-986C-EA9D38C37EC6}"
EndProject
Project("{9A19103F-16F7-4668-BE54-9A1E7A4F7556}") = "Shibusa.Transformations", "Shibusa.Transformations\Shibusa.Transformations.csproj", "{54B837F5-AE29-49DD-9E0E-995559677B19}"
EndProject
Project("{9A19103F-16F7-4668-BE54-9A1E7A4F7556}") = "Shibusa.Validators", "Shibusa.Validators\Shibusa.Validators.csproj", "{3CC97259-DA3C-435A-AEAA-D520FF2BA75D}"
EndProject
Project("{9A19103F-16F7-4668-BE54-9A1E7A4F7556}") = "Shibusa.Calendar.UnitTests", "Shibusa.Calendar.UnitTests\Shibusa.Calendar.UnitTests.csproj", "{2588C6D4-0E43-4973-89CA-0AC912A3187F}"
EndProject
Project("{9A19103F-16F7-4668-BE54-9A1E7A4F7556}") = "Shibusa.Data.UnitTests", "Shibusa.Data.UnitTests\Shibusa.Data.UnitTests.csproj", "{B1AE47E2-AF91-4988-AD54-87230F0066F2}"
EndProject
Project("{9A19103F-16F7-4668-BE54-9A1E7A4F7556}") = "Shibusa.Maths.UnitTests", "Shibusa.Maths.UnitTests\Shibusa.Maths.UnitTests.csproj", "{66EDCB69-C47C-4F57-B89F-9AE06E9ABFDC}"
EndProject
Project("{9A19103F-16F7-4668-BE54-9A1E7A4F7556}") = "Shibusa.PersonBuilder.UnitTests", "Shibusa.PersonBuilder.UnitTests\Shibusa.PersonBuilder.UnitTests.csproj", "{E7DB5D72-9B7C-4210-ACD8-059033B6F451}"
EndProject
Project("{9A19103F-16F7-4668-BE54-9A1E7A4F7556}") = "Shibusa.Transformations.UnitTests", "Shibusa.Transformations.UnitTests\Shibusa.Transformations.UnitTests.csproj", "{FEF17ECC-302A-4BD5-9400-7782E80748AB}"
EndProject
Project("{9A19103F-16F7-4668-BE54-9A1E7A4F7556}") = "Shibusa.Validators.UnitTests", "Shibusa.Validators.UnitTests\Shibusa.Validators.UnitTests.csproj", "{012A0F5A-BD2A-4E67-94CB-37B738946458}"
EndProject
Project("{2150E333-8FDC-42A3-9474-1A3956D46DE8}") = "Tests", "Tests", "{96F8F274-8F82-47E2-81E1-F378C656233D}"
EndProject
Project("{2150E333-8FDC-42A3-9474-1A3956D46DE8}") = "Apps", "Apps", "{3245E797-5C9F-4D81-A0FB-520A8744194F}"
EndProject
Project("{2150E333-8FDC-42A3-9474-1A3956D46DE8}") = "Solution Items", "Solution Items", "{E61BCDEE-5B46-4646-B239-6494D16156FD}"
	ProjectSection(SolutionItems) = preProject
		README.md = README.md
	EndProjectSection
EndProject
Project("{FAE04EC0-301F-11D3-BF4B-00C04F79EFBC}") = "Shibusa.FindTextCli", "Shibusa.FindTextCli\Shibusa.FindTextCli.csproj", "{435DA576-0228-4D05-B895-C6D10AA71C08}"
EndProject
Global
	GlobalSection(SolutionConfigurationPlatforms) = preSolution
		Debug|Any CPU = Debug|Any CPU
		Debug|x64 = Debug|x64
		Debug|x86 = Debug|x86
		Release|Any CPU = Release|Any CPU
		Release|x64 = Release|x64
		Release|x86 = Release|x86
	EndGlobalSection
	GlobalSection(ProjectConfigurationPlatforms) = postSolution
		{296F20C7-E408-4E69-8ECA-42F27DB52004}.Debug|Any CPU.ActiveCfg = Debug|Any CPU
		{296F20C7-E408-4E69-8ECA-42F27DB52004}.Debug|Any CPU.Build.0 = Debug|Any CPU
		{296F20C7-E408-4E69-8ECA-42F27DB52004}.Debug|x64.ActiveCfg = Debug|Any CPU
		{296F20C7-E408-4E69-8ECA-42F27DB52004}.Debug|x64.Build.0 = Debug|Any CPU
		{296F20C7-E408-4E69-8ECA-42F27DB52004}.Debug|x86.ActiveCfg = Debug|Any CPU
		{296F20C7-E408-4E69-8ECA-42F27DB52004}.Debug|x86.Build.0 = Debug|Any CPU
		{296F20C7-E408-4E69-8ECA-42F27DB52004}.Release|Any CPU.ActiveCfg = Release|Any CPU
		{296F20C7-E408-4E69-8ECA-42F27DB52004}.Release|Any CPU.Build.0 = Release|Any CPU
		{296F20C7-E408-4E69-8ECA-42F27DB52004}.Release|x64.ActiveCfg = Release|Any CPU
		{296F20C7-E408-4E69-8ECA-42F27DB52004}.Release|x64.Build.0 = Release|Any CPU
		{296F20C7-E408-4E69-8ECA-42F27DB52004}.Release|x86.ActiveCfg = Release|Any CPU
		{296F20C7-E408-4E69-8ECA-42F27DB52004}.Release|x86.Build.0 = Release|Any CPU
		{46801386-5369-4ED7-9486-DF3B75774B7F}.Debug|Any CPU.ActiveCfg = Debug|Any CPU
		{46801386-5369-4ED7-9486-DF3B75774B7F}.Debug|Any CPU.Build.0 = Debug|Any CPU
		{46801386-5369-4ED7-9486-DF3B75774B7F}.Debug|x64.ActiveCfg = Debug|Any CPU
		{46801386-5369-4ED7-9486-DF3B75774B7F}.Debug|x64.Build.0 = Debug|Any CPU
		{46801386-5369-4ED7-9486-DF3B75774B7F}.Debug|x86.ActiveCfg = Debug|Any CPU
		{46801386-5369-4ED7-9486-DF3B75774B7F}.Debug|x86.Build.0 = Debug|Any CPU
		{46801386-5369-4ED7-9486-DF3B75774B7F}.Release|Any CPU.ActiveCfg = Release|Any CPU
		{46801386-5369-4ED7-9486-DF3B75774B7F}.Release|Any CPU.Build.0 = Release|Any CPU
		{46801386-5369-4ED7-9486-DF3B75774B7F}.Release|x64.ActiveCfg = Release|Any CPU
		{46801386-5369-4ED7-9486-DF3B75774B7F}.Release|x64.Build.0 = Release|Any CPU
		{46801386-5369-4ED7-9486-DF3B75774B7F}.Release|x86.ActiveCfg = Release|Any CPU
		{46801386-5369-4ED7-9486-DF3B75774B7F}.Release|x86.Build.0 = Release|Any CPU
		{E6D2A96B-C860-4706-952B-D5DD8616BC80}.Debug|Any CPU.ActiveCfg = Debug|Any CPU
		{E6D2A96B-C860-4706-952B-D5DD8616BC80}.Debug|Any CPU.Build.0 = Debug|Any CPU
		{E6D2A96B-C860-4706-952B-D5DD8616BC80}.Debug|x64.ActiveCfg = Debug|Any CPU
		{E6D2A96B-C860-4706-952B-D5DD8616BC80}.Debug|x64.Build.0 = Debug|Any CPU
		{E6D2A96B-C860-4706-952B-D5DD8616BC80}.Debug|x86.ActiveCfg = Debug|Any CPU
		{E6D2A96B-C860-4706-952B-D5DD8616BC80}.Debug|x86.Build.0 = Debug|Any CPU
		{E6D2A96B-C860-4706-952B-D5DD8616BC80}.Release|Any CPU.ActiveCfg = Release|Any CPU
		{E6D2A96B-C860-4706-952B-D5DD8616BC80}.Release|Any CPU.Build.0 = Release|Any CPU
		{E6D2A96B-C860-4706-952B-D5DD8616BC80}.Release|x64.ActiveCfg = Release|Any CPU
		{E6D2A96B-C860-4706-952B-D5DD8616BC80}.Release|x64.Build.0 = Release|Any CPU
		{E6D2A96B-C860-4706-952B-D5DD8616BC80}.Release|x86.ActiveCfg = Release|Any CPU
		{E6D2A96B-C860-4706-952B-D5DD8616BC80}.Release|x86.Build.0 = Release|Any CPU
		{504D821C-6999-4C7A-A807-D54601AEF1FB}.Debug|Any CPU.ActiveCfg = Debug|Any CPU
		{504D821C-6999-4C7A-A807-D54601AEF1FB}.Debug|Any CPU.Build.0 = Debug|Any CPU
		{504D821C-6999-4C7A-A807-D54601AEF1FB}.Debug|x64.ActiveCfg = Debug|Any CPU
		{504D821C-6999-4C7A-A807-D54601AEF1FB}.Debug|x64.Build.0 = Debug|Any CPU
		{504D821C-6999-4C7A-A807-D54601AEF1FB}.Debug|x86.ActiveCfg = Debug|Any CPU
		{504D821C-6999-4C7A-A807-D54601AEF1FB}.Debug|x86.Build.0 = Debug|Any CPU
		{504D821C-6999-4C7A-A807-D54601AEF1FB}.Release|Any CPU.ActiveCfg = Release|Any CPU
		{504D821C-6999-4C7A-A807-D54601AEF1FB}.Release|Any CPU.Build.0 = Release|Any CPU
		{504D821C-6999-4C7A-A807-D54601AEF1FB}.Release|x64.ActiveCfg = Release|Any CPU
		{504D821C-6999-4C7A-A807-D54601AEF1FB}.Release|x64.Build.0 = Release|Any CPU
		{504D821C-6999-4C7A-A807-D54601AEF1FB}.Release|x86.ActiveCfg = Release|Any CPU
		{504D821C-6999-4C7A-A807-D54601AEF1FB}.Release|x86.Build.0 = Release|Any CPU
		{9800BD6A-DA6B-4B50-986C-EA9D38C37EC6}.Debug|Any CPU.ActiveCfg = Debug|Any CPU
		{9800BD6A-DA6B-4B50-986C-EA9D38C37EC6}.Debug|Any CPU.Build.0 = Debug|Any CPU
		{9800BD6A-DA6B-4B50-986C-EA9D38C37EC6}.Debug|x64.ActiveCfg = Debug|Any CPU
		{9800BD6A-DA6B-4B50-986C-EA9D38C37EC6}.Debug|x64.Build.0 = Debug|Any CPU
		{9800BD6A-DA6B-4B50-986C-EA9D38C37EC6}.Debug|x86.ActiveCfg = Debug|Any CPU
		{9800BD6A-DA6B-4B50-986C-EA9D38C37EC6}.Debug|x86.Build.0 = Debug|Any CPU
		{9800BD6A-DA6B-4B50-986C-EA9D38C37EC6}.Release|Any CPU.ActiveCfg = Release|Any CPU
		{9800BD6A-DA6B-4B50-986C-EA9D38C37EC6}.Release|Any CPU.Build.0 = Release|Any CPU
		{9800BD6A-DA6B-4B50-986C-EA9D38C37EC6}.Release|x64.ActiveCfg = Release|Any CPU
		{9800BD6A-DA6B-4B50-986C-EA9D38C37EC6}.Release|x64.Build.0 = Release|Any CPU
		{9800BD6A-DA6B-4B50-986C-EA9D38C37EC6}.Release|x86.ActiveCfg = Release|Any CPU
		{9800BD6A-DA6B-4B50-986C-EA9D38C37EC6}.Release|x86.Build.0 = Release|Any CPU
		{54B837F5-AE29-49DD-9E0E-995559677B19}.Debug|Any CPU.ActiveCfg = Debug|Any CPU
		{54B837F5-AE29-49DD-9E0E-995559677B19}.Debug|Any CPU.Build.0 = Debug|Any CPU
		{54B837F5-AE29-49DD-9E0E-995559677B19}.Debug|x64.ActiveCfg = Debug|Any CPU
		{54B837F5-AE29-49DD-9E0E-995559677B19}.Debug|x64.Build.0 = Debug|Any CPU
		{54B837F5-AE29-49DD-9E0E-995559677B19}.Debug|x86.ActiveCfg = Debug|Any CPU
		{54B837F5-AE29-49DD-9E0E-995559677B19}.Debug|x86.Build.0 = Debug|Any CPU
		{54B837F5-AE29-49DD-9E0E-995559677B19}.Release|Any CPU.ActiveCfg = Release|Any CPU
		{54B837F5-AE29-49DD-9E0E-995559677B19}.Release|Any CPU.Build.0 = Release|Any CPU
		{54B837F5-AE29-49DD-9E0E-995559677B19}.Release|x64.ActiveCfg = Release|Any CPU
		{54B837F5-AE29-49DD-9E0E-995559677B19}.Release|x64.Build.0 = Release|Any CPU
		{54B837F5-AE29-49DD-9E0E-995559677B19}.Release|x86.ActiveCfg = Release|Any CPU
		{54B837F5-AE29-49DD-9E0E-995559677B19}.Release|x86.Build.0 = Release|Any CPU
		{3CC97259-DA3C-435A-AEAA-D520FF2BA75D}.Debug|Any CPU.ActiveCfg = Debug|Any CPU
		{3CC97259-DA3C-435A-AEAA-D520FF2BA75D}.Debug|Any CPU.Build.0 = Debug|Any CPU
		{3CC97259-DA3C-435A-AEAA-D520FF2BA75D}.Debug|x64.ActiveCfg = Debug|Any CPU
		{3CC97259-DA3C-435A-AEAA-D520FF2BA75D}.Debug|x64.Build.0 = Debug|Any CPU
		{3CC97259-DA3C-435A-AEAA-D520FF2BA75D}.Debug|x86.ActiveCfg = Debug|Any CPU
		{3CC97259-DA3C-435A-AEAA-D520FF2BA75D}.Debug|x86.Build.0 = Debug|Any CPU
		{3CC97259-DA3C-435A-AEAA-D520FF2BA75D}.Release|Any CPU.ActiveCfg = Release|Any CPU
		{3CC97259-DA3C-435A-AEAA-D520FF2BA75D}.Release|Any CPU.Build.0 = Release|Any CPU
		{3CC97259-DA3C-435A-AEAA-D520FF2BA75D}.Release|x64.ActiveCfg = Release|Any CPU
		{3CC97259-DA3C-435A-AEAA-D520FF2BA75D}.Release|x64.Build.0 = Release|Any CPU
		{3CC97259-DA3C-435A-AEAA-D520FF2BA75D}.Release|x86.ActiveCfg = Release|Any CPU
		{3CC97259-DA3C-435A-AEAA-D520FF2BA75D}.Release|x86.Build.0 = Release|Any CPU
		{2588C6D4-0E43-4973-89CA-0AC912A3187F}.Debug|Any CPU.ActiveCfg = Debug|Any CPU
		{2588C6D4-0E43-4973-89CA-0AC912A3187F}.Debug|Any CPU.Build.0 = Debug|Any CPU
		{2588C6D4-0E43-4973-89CA-0AC912A3187F}.Debug|x64.ActiveCfg = Debug|Any CPU
		{2588C6D4-0E43-4973-89CA-0AC912A3187F}.Debug|x64.Build.0 = Debug|Any CPU
		{2588C6D4-0E43-4973-89CA-0AC912A3187F}.Debug|x86.ActiveCfg = Debug|Any CPU
		{2588C6D4-0E43-4973-89CA-0AC912A3187F}.Debug|x86.Build.0 = Debug|Any CPU
		{2588C6D4-0E43-4973-89CA-0AC912A3187F}.Release|Any CPU.ActiveCfg = Release|Any CPU
		{2588C6D4-0E43-4973-89CA-0AC912A3187F}.Release|Any CPU.Build.0 = Release|Any CPU
		{2588C6D4-0E43-4973-89CA-0AC912A3187F}.Release|x64.ActiveCfg = Release|Any CPU
		{2588C6D4-0E43-4973-89CA-0AC912A3187F}.Release|x64.Build.0 = Release|Any CPU
		{2588C6D4-0E43-4973-89CA-0AC912A3187F}.Release|x86.ActiveCfg = Release|Any CPU
		{2588C6D4-0E43-4973-89CA-0AC912A3187F}.Release|x86.Build.0 = Release|Any CPU
		{B1AE47E2-AF91-4988-AD54-87230F0066F2}.Debug|Any CPU.ActiveCfg = Debug|Any CPU
		{B1AE47E2-AF91-4988-AD54-87230F0066F2}.Debug|Any CPU.Build.0 = Debug|Any CPU
		{B1AE47E2-AF91-4988-AD54-87230F0066F2}.Debug|x64.ActiveCfg = Debug|Any CPU
		{B1AE47E2-AF91-4988-AD54-87230F0066F2}.Debug|x64.Build.0 = Debug|Any CPU
		{B1AE47E2-AF91-4988-AD54-87230F0066F2}.Debug|x86.ActiveCfg = Debug|Any CPU
		{B1AE47E2-AF91-4988-AD54-87230F0066F2}.Debug|x86.Build.0 = Debug|Any CPU
		{B1AE47E2-AF91-4988-AD54-87230F0066F2}.Release|Any CPU.ActiveCfg = Release|Any CPU
		{B1AE47E2-AF91-4988-AD54-87230F0066F2}.Release|Any CPU.Build.0 = Release|Any CPU
		{B1AE47E2-AF91-4988-AD54-87230F0066F2}.Release|x64.ActiveCfg = Release|Any CPU
		{B1AE47E2-AF91-4988-AD54-87230F0066F2}.Release|x64.Build.0 = Release|Any CPU
		{B1AE47E2-AF91-4988-AD54-87230F0066F2}.Release|x86.ActiveCfg = Release|Any CPU
		{B1AE47E2-AF91-4988-AD54-87230F0066F2}.Release|x86.Build.0 = Release|Any CPU
		{66EDCB69-C47C-4F57-B89F-9AE06E9ABFDC}.Debug|Any CPU.ActiveCfg = Debug|Any CPU
		{66EDCB69-C47C-4F57-B89F-9AE06E9ABFDC}.Debug|Any CPU.Build.0 = Debug|Any CPU
		{66EDCB69-C47C-4F57-B89F-9AE06E9ABFDC}.Debug|x64.ActiveCfg = Debug|Any CPU
		{66EDCB69-C47C-4F57-B89F-9AE06E9ABFDC}.Debug|x64.Build.0 = Debug|Any CPU
		{66EDCB69-C47C-4F57-B89F-9AE06E9ABFDC}.Debug|x86.ActiveCfg = Debug|Any CPU
		{66EDCB69-C47C-4F57-B89F-9AE06E9ABFDC}.Debug|x86.Build.0 = Debug|Any CPU
		{66EDCB69-C47C-4F57-B89F-9AE06E9ABFDC}.Release|Any CPU.ActiveCfg = Release|Any CPU
		{66EDCB69-C47C-4F57-B89F-9AE06E9ABFDC}.Release|Any CPU.Build.0 = Release|Any CPU
		{66EDCB69-C47C-4F57-B89F-9AE06E9ABFDC}.Release|x64.ActiveCfg = Release|Any CPU
		{66EDCB69-C47C-4F57-B89F-9AE06E9ABFDC}.Release|x64.Build.0 = Release|Any CPU
		{66EDCB69-C47C-4F57-B89F-9AE06E9ABFDC}.Release|x86.ActiveCfg = Release|Any CPU
		{66EDCB69-C47C-4F57-B89F-9AE06E9ABFDC}.Release|x86.Build.0 = Release|Any CPU
		{E7DB5D72-9B7C-4210-ACD8-059033B6F451}.Debug|Any CPU.ActiveCfg = Debug|Any CPU
		{E7DB5D72-9B7C-4210-ACD8-059033B6F451}.Debug|Any CPU.Build.0 = Debug|Any CPU
		{E7DB5D72-9B7C-4210-ACD8-059033B6F451}.Debug|x64.ActiveCfg = Debug|Any CPU
		{E7DB5D72-9B7C-4210-ACD8-059033B6F451}.Debug|x64.Build.0 = Debug|Any CPU
		{E7DB5D72-9B7C-4210-ACD8-059033B6F451}.Debug|x86.ActiveCfg = Debug|Any CPU
		{E7DB5D72-9B7C-4210-ACD8-059033B6F451}.Debug|x86.Build.0 = Debug|Any CPU
		{E7DB5D72-9B7C-4210-ACD8-059033B6F451}.Release|Any CPU.ActiveCfg = Release|Any CPU
		{E7DB5D72-9B7C-4210-ACD8-059033B6F451}.Release|Any CPU.Build.0 = Release|Any CPU
		{E7DB5D72-9B7C-4210-ACD8-059033B6F451}.Release|x64.ActiveCfg = Release|Any CPU
		{E7DB5D72-9B7C-4210-ACD8-059033B6F451}.Release|x64.Build.0 = Release|Any CPU
		{E7DB5D72-9B7C-4210-ACD8-059033B6F451}.Release|x86.ActiveCfg = Release|Any CPU
		{E7DB5D72-9B7C-4210-ACD8-059033B6F451}.Release|x86.Build.0 = Release|Any CPU
		{FEF17ECC-302A-4BD5-9400-7782E80748AB}.Debug|Any CPU.ActiveCfg = Debug|Any CPU
		{FEF17ECC-302A-4BD5-9400-7782E80748AB}.Debug|Any CPU.Build.0 = Debug|Any CPU
		{FEF17ECC-302A-4BD5-9400-7782E80748AB}.Debug|x64.ActiveCfg = Debug|Any CPU
		{FEF17ECC-302A-4BD5-9400-7782E80748AB}.Debug|x64.Build.0 = Debug|Any CPU
		{FEF17ECC-302A-4BD5-9400-7782E80748AB}.Debug|x86.ActiveCfg = Debug|Any CPU
		{FEF17ECC-302A-4BD5-9400-7782E80748AB}.Debug|x86.Build.0 = Debug|Any CPU
		{FEF17ECC-302A-4BD5-9400-7782E80748AB}.Release|Any CPU.ActiveCfg = Release|Any CPU
		{FEF17ECC-302A-4BD5-9400-7782E80748AB}.Release|Any CPU.Build.0 = Release|Any CPU
		{FEF17ECC-302A-4BD5-9400-7782E80748AB}.Release|x64.ActiveCfg = Release|Any CPU
		{FEF17ECC-302A-4BD5-9400-7782E80748AB}.Release|x64.Build.0 = Release|Any CPU
		{FEF17ECC-302A-4BD5-9400-7782E80748AB}.Release|x86.ActiveCfg = Release|Any CPU
		{FEF17ECC-302A-4BD5-9400-7782E80748AB}.Release|x86.Build.0 = Release|Any CPU
		{012A0F5A-BD2A-4E67-94CB-37B738946458}.Debug|Any CPU.ActiveCfg = Debug|Any CPU
		{012A0F5A-BD2A-4E67-94CB-37B738946458}.Debug|Any CPU.Build.0 = Debug|Any CPU
		{012A0F5A-BD2A-4E67-94CB-37B738946458}.Debug|x64.ActiveCfg = Debug|Any CPU
		{012A0F5A-BD2A-4E67-94CB-37B738946458}.Debug|x64.Build.0 = Debug|Any CPU
		{012A0F5A-BD2A-4E67-94CB-37B738946458}.Debug|x86.ActiveCfg = Debug|Any CPU
		{012A0F5A-BD2A-4E67-94CB-37B738946458}.Debug|x86.Build.0 = Debug|Any CPU
		{012A0F5A-BD2A-4E67-94CB-37B738946458}.Release|Any CPU.ActiveCfg = Release|Any CPU
		{012A0F5A-BD2A-4E67-94CB-37B738946458}.Release|Any CPU.Build.0 = Release|Any CPU
		{012A0F5A-BD2A-4E67-94CB-37B738946458}.Release|x64.ActiveCfg = Release|Any CPU
		{012A0F5A-BD2A-4E67-94CB-37B738946458}.Release|x64.Build.0 = Release|Any CPU
		{012A0F5A-BD2A-4E67-94CB-37B738946458}.Release|x86.ActiveCfg = Release|Any CPU
		{012A0F5A-BD2A-4E67-94CB-37B738946458}.Release|x86.Build.0 = Release|Any CPU
		{435DA576-0228-4D05-B895-C6D10AA71C08}.Debug|Any CPU.ActiveCfg = Debug|Any CPU
		{435DA576-0228-4D05-B895-C6D10AA71C08}.Debug|Any CPU.Build.0 = Debug|Any CPU
		{435DA576-0228-4D05-B895-C6D10AA71C08}.Debug|x64.ActiveCfg = Debug|Any CPU
		{435DA576-0228-4D05-B895-C6D10AA71C08}.Debug|x64.Build.0 = Debug|Any CPU
		{435DA576-0228-4D05-B895-C6D10AA71C08}.Debug|x86.ActiveCfg = Debug|Any CPU
		{435DA576-0228-4D05-B895-C6D10AA71C08}.Debug|x86.Build.0 = Debug|Any CPU
		{435DA576-0228-4D05-B895-C6D10AA71C08}.Release|Any CPU.ActiveCfg = Release|Any CPU
		{435DA576-0228-4D05-B895-C6D10AA71C08}.Release|Any CPU.Build.0 = Release|Any CPU
		{435DA576-0228-4D05-B895-C6D10AA71C08}.Release|x64.ActiveCfg = Release|Any CPU
		{435DA576-0228-4D05-B895-C6D10AA71C08}.Release|x64.Build.0 = Release|Any CPU
		{435DA576-0228-4D05-B895-C6D10AA71C08}.Release|x86.ActiveCfg = Release|Any CPU
		{435DA576-0228-4D05-B895-C6D10AA71C08}.Release|x86.Build.0 = Release|Any CPU
	EndGlobalSection
	GlobalSection(SolutionProperties) = preSolution
		HideSolutionNode = FALSE
	EndGlobalSection
	GlobalSection(NestedProjects) = preSolution
		{504D821C-6999-4C7A-A807-D54601AEF1FB} = {3245E797-5C9F-4D81-A0FB-520A8744194F}
		{2588C6D4-0E43-4973-89CA-0AC912A3187F} = {96F8F274-8F82-47E2-81E1-F378C656233D}
		{B1AE47E2-AF91-4988-AD54-87230F0066F2} = {96F8F274-8F82-47E2-81E1-F378C656233D}
		{66EDCB69-C47C-4F57-B89F-9AE06E9ABFDC} = {96F8F274-8F82-47E2-81E1-F378C656233D}
		{E7DB5D72-9B7C-4210-ACD8-059033B6F451} = {96F8F274-8F82-47E2-81E1-F378C656233D}
		{FEF17ECC-302A-4BD5-9400-7782E80748AB} = {96F8F274-8F82-47E2-81E1-F378C656233D}
		{012A0F5A-BD2A-4E67-94CB-37B738946458} = {96F8F274-8F82-47E2-81E1-F378C656233D}
		{435DA576-0228-4D05-B895-C6D10AA71C08} = {3245E797-5C9F-4D81-A0FB-520A8744194F}
	EndGlobalSection
	GlobalSection(ExtensibilityGlobals) = postSolution
		SolutionGuid = {025D0B74-936A-47E0-B10F-636FD9BAC3A1}
	EndGlobalSection
EndGlobal
